
Microsoft Visual Studio Solution File, Format Version 12.00
# Visual Studio Version 17
VisualStudioVersion = 17.9.34728.123
MinimumVisualStudioVersion = 10.0.40219.1
Project("{9A19103F-16F7-4668-BE54-9A1E7A4F7556}") = "OrcShackApi.Web", "src\OrcShackApi.Web\OrcShackApi.Web.csproj", "{ADFC9BF7-4D81-4598-B0B8-B9320C7D8B76}"
EndProject
Project("{9A19103F-16F7-4668-BE54-9A1E7A4F7556}") = "OrcShackApi.Data", "src\OrcShackApi.Data\OrcShackApi.Data.csproj", "{7F6D18A3-B631-40B1-9BAF-B13F7A7141F0}"
EndProject
Project("{9A19103F-16F7-4668-BE54-9A1E7A4F7556}") = "OrcShackApi.Core", "src\OrcShackApi.Core\OrcShackApi.Core.csproj", "{3AB4A196-DD85-405A-807D-B2A031EE2A4C}"
EndProject
Project("{FAE04EC0-301F-11D3-BF4B-00C04F79EFBC}") = "OrcShackApi.Web.UnitTests", "tests\OrcShackApi.UnitTests\OrcShackApi.Web.UnitTests.csproj", "{1F7B4713-C94C-4C61-963B-9266999E0307}"
EndProject
Project("{FAE04EC0-301F-11D3-BF4B-00C04F79EFBC}") = "OrcShackApi.Data.UnitTests", "tests\OrcShackApi.Data.UnitTests\OrcShackApi.Data.UnitTests.csproj", "{FBDFCC99-CA12-4CE2-ABBF-42F77E542E03}"
EndProject
Global
	GlobalSection(SolutionConfigurationPlatforms) = preSolution
		Debug|Any CPU = Debug|Any CPU
		Release|Any CPU = Release|Any CPU
	EndGlobalSection
	GlobalSection(ProjectConfigurationPlatforms) = postSolution
		{ADFC9BF7-4D81-4598-B0B8-B9320C7D8B76}.Debug|Any CPU.ActiveCfg = Debug|Any CPU
		{ADFC9BF7-4D81-4598-B0B8-B9320C7D8B76}.Debug|Any CPU.Build.0 = Debug|Any CPU
		{ADFC9BF7-4D81-4598-B0B8-B9320C7D8B76}.Release|Any CPU.ActiveCfg = Release|Any CPU
		{ADFC9BF7-4D81-4598-B0B8-B9320C7D8B76}.Release|Any CPU.Build.0 = Release|Any CPU
		{7F6D18A3-B631-40B1-9BAF-B13F7A7141F0}.Debug|Any CPU.ActiveCfg = Debug|Any CPU
		{7F6D18A3-B631-40B1-9BAF-B13F7A7141F0}.Debug|Any CPU.Build.0 = Debug|Any CPU
		{7F6D18A3-B631-40B1-9BAF-B13F7A7141F0}.Release|Any CPU.ActiveCfg = Release|Any CPU
		{7F6D18A3-B631-40B1-9BAF-B13F7A7141F0}.Release|Any CPU.Build.0 = Release|Any CPU
		{3AB4A196-DD85-405A-807D-B2A031EE2A4C}.Debug|Any CPU.ActiveCfg = Debug|Any CPU
		{3AB4A196-DD85-405A-807D-B2A031EE2A4C}.Debug|Any CPU.Build.0 = Debug|Any CPU
		{3AB4A196-DD85-405A-807D-B2A031EE2A4C}.Release|Any CPU.ActiveCfg = Release|Any CPU
		{3AB4A196-DD85-405A-807D-B2A031EE2A4C}.Release|Any CPU.Build.0 = Release|Any CPU
		{1F7B4713-C94C-4C61-963B-9266999E0307}.Debug|Any CPU.ActiveCfg = Debug|Any CPU
		{1F7B4713-C94C-4C61-963B-9266999E0307}.Debug|Any CPU.Build.0 = Debug|Any CPU
		{1F7B4713-C94C-4C61-963B-9266999E0307}.Release|Any CPU.ActiveCfg = Release|Any CPU
		{1F7B4713-C94C-4C61-963B-9266999E0307}.Release|Any CPU.Build.0 = Release|Any CPU
		{FBDFCC99-CA12-4CE2-ABBF-42F77E542E03}.Debug|Any CPU.ActiveCfg = Debug|Any CPU
		{FBDFCC99-CA12-4CE2-ABBF-42F77E542E03}.Debug|Any CPU.Build.0 = Debug|Any CPU
		{FBDFCC99-CA12-4CE2-ABBF-42F77E542E03}.Release|Any CPU.ActiveCfg = Release|Any CPU
		{FBDFCC99-CA12-4CE2-ABBF-42F77E542E03}.Release|Any CPU.Build.0 = Release|Any CPU
	EndGlobalSection
	GlobalSection(SolutionProperties) = preSolution
		HideSolutionNode = FALSE
	EndGlobalSection
	GlobalSection(ExtensibilityGlobals) = postSolution
		SolutionGuid = {C5337389-4C86-4D64-BF93-696BBAA97007}
	EndGlobalSection
EndGlobal
